
Microsoft Visual Studio Solution File, Format Version 12.00
# Visual Studio 15
VisualStudioVersion = 15.0.28307.438
MinimumVisualStudioVersion = 10.0.40219.1
Project("{9A19103F-16F7-4668-BE54-9A1E7A4F7556}") = "CompanyNewsAnalyzer.Web", "CompanyNewsAnalyzer\CompanyNewsAnalyzer.Web.csproj", "{3B2D2103-4534-48EA-9266-B6510B8F53AF}"
EndProject
Project("{9A19103F-16F7-4668-BE54-9A1E7A4F7556}") = "CompanyNewsAnalyzer.Infrastructure.IA", "CompanyNewsAnalyzer.Infrastructure.IA\CompanyNewsAnalyzer.Infrastructure.IA.csproj", "{7FA2E636-91F5-4FF6-804E-A1A596B96312}"
EndProject
Project("{9A19103F-16F7-4668-BE54-9A1E7A4F7556}") = "CompanyNewsAnalyzer.Infrastructure.News", "CompanyNewsAnalyzer.Infrastructure.News\CompanyNewsAnalyzer.Infrastructure.News.csproj", "{0D0B30F6-077D-47E7-8A5B-6647D364DBAD}"
EndProject
Project("{9A19103F-16F7-4668-BE54-9A1E7A4F7556}") = "CompanyNewsAnalyzer.Application", "CompanyNewsAnalyzer.Application\CompanyNewsAnalyzer.Application.csproj", "{BAFFA3DC-6E99-4EF3-9F3E-1772148592F8}"
EndProject
Project("{9A19103F-16F7-4668-BE54-9A1E7A4F7556}") = "CompanyNewsAnalyzer.Test", "CompanyNewsAnalyzer.Test\CompanyNewsAnalyzer.Test.csproj", "{7C0F2236-908F-4D64-ADA2-F98E1E77BF41}"
EndProject
Project("{9A19103F-16F7-4668-BE54-9A1E7A4F7556}") = "CompanyNewsAnalyzer.Domain", "CompanyNewsAnalyzer.Domain\CompanyNewsAnalyzer.Domain.csproj", "{E17DC54A-8162-403F-8C1C-5770F4347F2B}"
EndProject
Project("{FAE04EC0-301F-11D3-BF4B-00C04F79EFBC}") = "CompanyNewsAnalyzer.IoC", "CompanyNewsAnalyzer.IoC\CompanyNewsAnalyzer.IoC.csproj", "{A230D79F-0DDA-433D-BD4B-0C2EB2411521}"
EndProject
Global
	GlobalSection(SolutionConfigurationPlatforms) = preSolution
		Debug|Any CPU = Debug|Any CPU
		Release|Any CPU = Release|Any CPU
	EndGlobalSection
	GlobalSection(ProjectConfigurationPlatforms) = postSolution
		{3B2D2103-4534-48EA-9266-B6510B8F53AF}.Debug|Any CPU.ActiveCfg = Debug|Any CPU
		{3B2D2103-4534-48EA-9266-B6510B8F53AF}.Debug|Any CPU.Build.0 = Debug|Any CPU
		{3B2D2103-4534-48EA-9266-B6510B8F53AF}.Release|Any CPU.ActiveCfg = Release|Any CPU
		{3B2D2103-4534-48EA-9266-B6510B8F53AF}.Release|Any CPU.Build.0 = Release|Any CPU
		{7FA2E636-91F5-4FF6-804E-A1A596B96312}.Debug|Any CPU.ActiveCfg = Debug|Any CPU
		{7FA2E636-91F5-4FF6-804E-A1A596B96312}.Debug|Any CPU.Build.0 = Debug|Any CPU
		{7FA2E636-91F5-4FF6-804E-A1A596B96312}.Release|Any CPU.ActiveCfg = Release|Any CPU
		{7FA2E636-91F5-4FF6-804E-A1A596B96312}.Release|Any CPU.Build.0 = Release|Any CPU
		{0D0B30F6-077D-47E7-8A5B-6647D364DBAD}.Debug|Any CPU.ActiveCfg = Debug|Any CPU
		{0D0B30F6-077D-47E7-8A5B-6647D364DBAD}.Debug|Any CPU.Build.0 = Debug|Any CPU
		{0D0B30F6-077D-47E7-8A5B-6647D364DBAD}.Release|Any CPU.ActiveCfg = Release|Any CPU
		{0D0B30F6-077D-47E7-8A5B-6647D364DBAD}.Release|Any CPU.Build.0 = Release|Any CPU
		{BAFFA3DC-6E99-4EF3-9F3E-1772148592F8}.Debug|Any CPU.ActiveCfg = Debug|Any CPU
		{BAFFA3DC-6E99-4EF3-9F3E-1772148592F8}.Debug|Any CPU.Build.0 = Debug|Any CPU
		{BAFFA3DC-6E99-4EF3-9F3E-1772148592F8}.Release|Any CPU.ActiveCfg = Release|Any CPU
		{BAFFA3DC-6E99-4EF3-9F3E-1772148592F8}.Release|Any CPU.Build.0 = Release|Any CPU
		{7C0F2236-908F-4D64-ADA2-F98E1E77BF41}.Debug|Any CPU.ActiveCfg = Debug|Any CPU
		{7C0F2236-908F-4D64-ADA2-F98E1E77BF41}.Debug|Any CPU.Build.0 = Debug|Any CPU
		{7C0F2236-908F-4D64-ADA2-F98E1E77BF41}.Release|Any CPU.ActiveCfg = Release|Any CPU
		{7C0F2236-908F-4D64-ADA2-F98E1E77BF41}.Release|Any CPU.Build.0 = Release|Any CPU
		{E17DC54A-8162-403F-8C1C-5770F4347F2B}.Debug|Any CPU.ActiveCfg = Debug|Any CPU
		{E17DC54A-8162-403F-8C1C-5770F4347F2B}.Debug|Any CPU.Build.0 = Debug|Any CPU
		{E17DC54A-8162-403F-8C1C-5770F4347F2B}.Release|Any CPU.ActiveCfg = Release|Any CPU
		{E17DC54A-8162-403F-8C1C-5770F4347F2B}.Release|Any CPU.Build.0 = Release|Any CPU
		{A230D79F-0DDA-433D-BD4B-0C2EB2411521}.Debug|Any CPU.ActiveCfg = Debug|Any CPU
		{A230D79F-0DDA-433D-BD4B-0C2EB2411521}.Debug|Any CPU.Build.0 = Debug|Any CPU
		{A230D79F-0DDA-433D-BD4B-0C2EB2411521}.Release|Any CPU.ActiveCfg = Release|Any CPU
		{A230D79F-0DDA-433D-BD4B-0C2EB2411521}.Release|Any CPU.Build.0 = Release|Any CPU
	EndGlobalSection
	GlobalSection(SolutionProperties) = preSolution
		HideSolutionNode = FALSE
	EndGlobalSection
	GlobalSection(ExtensibilityGlobals) = postSolution
		SolutionGuid = {029639C8-A949-45F4-9AD6-7731FE70DFEE}
	EndGlobalSection
EndGlobal
